
Microsoft Visual Studio Solution File, Format Version 12.00
# Visual Studio Version 17
VisualStudioVersion = 17.0.32002.185
MinimumVisualStudioVersion = 10.0.40219.1
Project("{FAE04EC0-301F-11D3-BF4B-00C04F79EFBC}") = "SSCCC", "SSCCC\SSCCC.csproj", "{162E7BB5-C524-4710-BFAF-761CDBEC60C1}"
EndProject
Global
	GlobalSection(SolutionConfigurationPlatforms) = preSolution
		Debug|Any CPU = Debug|Any CPU
		Release|Any CPU = Release|Any CPU
	EndGlobalSection
	GlobalSection(ProjectConfigurationPlatforms) = postSolution
		{162E7BB5-C524-4710-BFAF-761CDBEC60C1}.Debug|Any CPU.ActiveCfg = Debug|Any CPU
		{162E7BB5-C524-4710-BFAF-761CDBEC60C1}.Debug|Any CPU.Build.0 = Debug|Any CPU
		{162E7BB5-C524-4710-BFAF-761CDBEC60C1}.Release|Any CPU.ActiveCfg = Release|Any CPU
		{162E7BB5-C524-4710-BFAF-761CDBEC60C1}.Release|Any CPU.Build.0 = Release|Any CPU
	EndGlobalSection
	GlobalSection(SolutionProperties) = preSolution
		HideSolutionNode = FALSE
	EndGlobalSection
	GlobalSection(ExtensibilityGlobals) = postSolution
		SolutionGuid = {133325EE-3DB6-449F-80E4-9B1E199DE574}
	EndGlobalSection
EndGlobal
